
Microsoft Visual Studio Solution File, Format Version 12.00
# Visual Studio 2012
Project("{FAE04EC0-301F-11D3-BF4B-00C04F79EFBC}") = "Agencies.iOS", "Agencies.iOS\Agencies.iOS.csproj", "{36B43981-6B4E-49FA-B3BE-252E8C7BCA35}"
EndProject
Project("{FAE04EC0-301F-11D3-BF4B-00C04F79EFBC}") = "Agencies.Droid", "Agencies.Droid\Agencies.Droid.csproj", "{BEE3F51C-329D-4119-921E-BA9B35E85750}"
EndProject
Project("{D954291E-2A0B-460D-934E-DC6B0785DB48}") = "Agencies.Shared", "Agencies.Shared\Agencies.Shared.shproj", "{AB590C7E-5FCA-4315-9667-0CE119DDAD4F}"
EndProject
Project("{D954291E-2A0B-460D-934E-DC6B0785DB48}") = "Agencies.Domain", "Agencies.Domain\Agencies.Domain.shproj", "{45BB624E-E0AA-4864-B1D9-D35E4AEAE4BC}"
EndProject
Project("{D954291E-2A0B-460D-934E-DC6B0785DB48}") = "NomadCode.Azure", "..\NomadCode\NomadCode.Azure\NomadCode.Azure\NomadCode.Azure\NomadCode.Azure.shproj", "{049FF267-02CB-4168-9EC5-0768D053EF77}"
EndProject
Project("{D954291E-2A0B-460D-934E-DC6B0785DB48}") = "Agencies.Bot", "Agencies.Bot\Agencies.Bot.shproj", "{75111560-5294-49FD-8349-B9F738237344}"
EndProject
Project("{D954291E-2A0B-460D-934E-DC6B0785DB48}") = "NomadCode.BotFramework", "NomadCode.BotFramework\NomadCode.BotFramework.shproj", "{9BB6E7A1-9998-41B9-A508-8C06FF1D6E6F}"
EndProject
Project("{D954291E-2A0B-460D-934E-DC6B0785DB48}") = "NomadCode.BotFramework.iOS", "NomadCode.BotFramework.iOS\NomadCode.BotFramework.iOS.shproj", "{F2D08DC5-20D9-4A13-8859-D9F7F5215630}"
EndProject
Project("{D954291E-2A0B-460D-934E-DC6B0785DB48}") = "NomadCode.BotFramework.Droid", "NomadCode.BotFramework.Droid\NomadCode.BotFramework.Droid.shproj", "{7DC34EB0-DB39-464E-8754-39658CC51E9C}"
EndProject
Global
	GlobalSection(SolutionConfigurationPlatforms) = preSolution
		Debug|iPhoneSimulator = Debug|iPhoneSimulator
		Release|iPhone = Release|iPhone
		Release|iPhoneSimulator = Release|iPhoneSimulator
		Debug|iPhone = Debug|iPhone
	EndGlobalSection
	GlobalSection(ProjectConfigurationPlatforms) = postSolution
		{36B43981-6B4E-49FA-B3BE-252E8C7BCA35}.Debug|iPhoneSimulator.ActiveCfg = Debug|iPhoneSimulator
		{36B43981-6B4E-49FA-B3BE-252E8C7BCA35}.Debug|iPhoneSimulator.Build.0 = Debug|iPhoneSimulator
		{36B43981-6B4E-49FA-B3BE-252E8C7BCA35}.Release|iPhone.ActiveCfg = Release|iPhone
		{36B43981-6B4E-49FA-B3BE-252E8C7BCA35}.Release|iPhone.Build.0 = Release|iPhone
		{36B43981-6B4E-49FA-B3BE-252E8C7BCA35}.Release|iPhoneSimulator.ActiveCfg = Release|iPhoneSimulator
		{36B43981-6B4E-49FA-B3BE-252E8C7BCA35}.Release|iPhoneSimulator.Build.0 = Release|iPhoneSimulator
		{36B43981-6B4E-49FA-B3BE-252E8C7BCA35}.Debug|iPhone.ActiveCfg = Debug|iPhone
		{36B43981-6B4E-49FA-B3BE-252E8C7BCA35}.Debug|iPhone.Build.0 = Debug|iPhone
		{BEE3F51C-329D-4119-921E-BA9B35E85750}.Debug|iPhoneSimulator.ActiveCfg = Debug|Any CPU
		{BEE3F51C-329D-4119-921E-BA9B35E85750}.Debug|iPhoneSimulator.Build.0 = Debug|Any CPU
		{BEE3F51C-329D-4119-921E-BA9B35E85750}.Release|iPhone.ActiveCfg = Release|Any CPU
		{BEE3F51C-329D-4119-921E-BA9B35E85750}.Release|iPhone.Build.0 = Release|Any CPU
		{BEE3F51C-329D-4119-921E-BA9B35E85750}.Release|iPhoneSimulator.ActiveCfg = Release|Any CPU
		{BEE3F51C-329D-4119-921E-BA9B35E85750}.Release|iPhoneSimulator.Build.0 = Release|Any CPU
		{BEE3F51C-329D-4119-921E-BA9B35E85750}.Debug|iPhone.ActiveCfg = Debug|Any CPU
		{BEE3F51C-329D-4119-921E-BA9B35E85750}.Debug|iPhone.Build.0 = Debug|Any CPU
	EndGlobalSection
	GlobalSection(MonoDevelopProperties) = preSolution
		Policies = $0
		$0.TextStylePolicy = $1
		$1.scope = text/plain
		$1.inheritsSet = VisualStudio
		$1.inheritsScope = text/plain
	EndGlobalSection
EndGlobal
