
Microsoft Visual Studio Solution File, Format Version 12.00
# Visual Studio 15
VisualStudioVersion = 15.0.26510.0
MinimumVisualStudioVersion = 10.0.40219.1
Project("{9A19103F-16F7-4668-BE54-9A1E7A4F7556}") = "Agencies.Functions", "Agencies.Functions\Agencies.Functions.csproj", "{EB474C13-0539-46BB-97CB-CB5251BFF6EC}"
EndProject
Project("{D954291E-2A0B-460D-934E-DC6B0785DB48}") = "NomadCode.Auth", "..\NomadCode\NomadCode.Auth\NomadCode.Auth.shproj", "{741E4283-9650-434A-A936-69A89E6F7383}"
EndProject
Global
	GlobalSection(SharedMSBuildProjectFiles) = preSolution
		..\NomadCode\NomadCode.Auth\NomadCode.Auth.projitems*{741e4283-9650-434a-a936-69a89e6f7383}*SharedItemsImports = 13
	EndGlobalSection
	GlobalSection(SolutionConfigurationPlatforms) = preSolution
		Debug|Any CPU = Debug|Any CPU
		Release|Any CPU = Release|Any CPU
	EndGlobalSection
	GlobalSection(ProjectConfigurationPlatforms) = postSolution
		{EB474C13-0539-46BB-97CB-CB5251BFF6EC}.Debug|Any CPU.ActiveCfg = Debug|Any CPU
		{EB474C13-0539-46BB-97CB-CB5251BFF6EC}.Debug|Any CPU.Build.0 = Debug|Any CPU
		{EB474C13-0539-46BB-97CB-CB5251BFF6EC}.Release|Any CPU.ActiveCfg = Release|Any CPU
		{EB474C13-0539-46BB-97CB-CB5251BFF6EC}.Release|Any CPU.Build.0 = Release|Any CPU
	EndGlobalSection
	GlobalSection(SolutionProperties) = preSolution
		HideSolutionNode = FALSE
	EndGlobalSection
EndGlobal
